
Microsoft Visual Studio Solution File, Format Version 12.00
# Visual Studio Version 17
VisualStudioVersion = 17.1.32210.238
MinimumVisualStudioVersion = 10.0.40219.1
Project("{9A19103F-16F7-4668-BE54-9A1E7A4F7556}") = "VirtualKaikei", "VirtualKaikei.csproj", "{B36FCBFD-DAEC-44F9-A5BF-A5BCADB39E0C}"
EndProject
Project("{54435603-DBB4-11D2-8724-00A0C9A8B90C}") = "Setup1", "Setup1\Setup1.vdproj", "{6AABBE19-DE21-4D9B-89EB-B9976E89EF60}"
EndProject
Global
	GlobalSection(SolutionConfigurationPlatforms) = preSolution
		Debug|Any CPU = Debug|Any CPU
		Release|Any CPU = Release|Any CPU
	EndGlobalSection
	GlobalSection(ProjectConfigurationPlatforms) = postSolution
		{B36FCBFD-DAEC-44F9-A5BF-A5BCADB39E0C}.Debug|Any CPU.ActiveCfg = Debug|Any CPU
		{B36FCBFD-DAEC-44F9-A5BF-A5BCADB39E0C}.Debug|Any CPU.Build.0 = Debug|Any CPU
		{B36FCBFD-DAEC-44F9-A5BF-A5BCADB39E0C}.Release|Any CPU.ActiveCfg = Release|Any CPU
		{B36FCBFD-DAEC-44F9-A5BF-A5BCADB39E0C}.Release|Any CPU.Build.0 = Release|Any CPU
		{6AABBE19-DE21-4D9B-89EB-B9976E89EF60}.Debug|Any CPU.ActiveCfg = Debug
		{6AABBE19-DE21-4D9B-89EB-B9976E89EF60}.Release|Any CPU.ActiveCfg = Release
	EndGlobalSection
	GlobalSection(SolutionProperties) = preSolution
		HideSolutionNode = FALSE
	EndGlobalSection
	GlobalSection(ExtensibilityGlobals) = postSolution
		SolutionGuid = {300B8082-BB4F-47E8-A54F-486CC9E926F3}
	EndGlobalSection
EndGlobal
